{
  "name": "1_server",
  "version": "1.0.0",
  "lockfileVersion": 2,
  "requires": true,
  "packages": {
    "": {
      "name": "1_server",
      "version": "1.0.0",
      "license": "ISC",
      "dependencies": {
        "@alto-fw/app": "https://gitpkg.now.sh/poptlt/alto-fw/server/app?master",
        "@alto-fw/http_server": "https://gitpkg.now.sh/poptlt/alto-fw/server/http_server?master",
        "@alto-fw/yc-func": "https://gitpkg.now.sh/poptlt/alto-fw/server/yc_func?master",
        "adm-zip": "^0.5.10"
      }
    },
    "node_modules/@alto-fw/app": {
      "version": "1.0.0",
      "resolved": "https://gitpkg.now.sh/poptlt/alto-fw/server/app?master",
      "integrity": "sha512-tO7dtWKW9K6Y6rPKtR5k651gtTobCYrGWb8SB96UjFTSorgyNaPV8hTuYjOq6ZVgENQFkGFZeK7cIJUmLv+Cug==",
      "license": "ISC"
    },
    "node_modules/@alto-fw/http_server": {
      "version": "1.0.0",
      "resolved": "https://gitpkg.now.sh/poptlt/alto-fw/server/http_server?master",
      "integrity": "sha512-dv3yrWQrQP7KnPAkz/gv3A7Ttp4zzQ4tkmJmCCk28F5u1ZgCz2DrwzHdjTIy/H1dpVr6lbmWr1S3//PZZdQgPw==",
      "license": "ISC",
      "dependencies": {
        "uuid": "^9.0.0"
      }
    },
    "node_modules/@alto-fw/yc-func": {
      "version": "1.0.0",
      "resolved": "https://gitpkg.now.sh/poptlt/alto-fw/server/yc_func?master",
      "integrity": "sha512-piz3LQLKwYuxJwBgCImYGtLzjke9PgFlgI7Ej1OUWqrPjLcyk+vGES0DIYyprZiQGAu0EGNjloI0Gz6062eu6A==",
      "license": "ISC"
    },
    "node_modules/adm-zip": {
      "version": "0.5.10",
      "resolved": "https://registry.npmjs.org/adm-zip/-/adm-zip-0.5.10.tgz",
      "integrity": "sha512-x0HvcHqVJNTPk/Bw8JbLWlWoo6Wwnsug0fnYYro1HBrjxZ3G7/AZk7Ahv8JwDe1uIcz8eBqvu86FuF1POiG7vQ==",
      "engines": {
        "node": ">=6.0"
      }
    },
    "node_modules/uuid": {
      "version": "9.0.1",
      "resolved": "https://registry.npmjs.org/uuid/-/uuid-9.0.1.tgz",
      "integrity": "sha512-b+1eJOlsR9K8HJpow9Ok3fiWOWSIcIzXodvv0rQjVoOVNpWMpxf1wZNpt4y9h10odCNrqnYp1OBzRktckBe3sA==",
      "funding": [
        "https://github.com/sponsors/broofa",
        "https://github.com/sponsors/ctavan"
      ],
      "bin": {
        "uuid": "dist/bin/uuid"
      }
    }
  },
  "dependencies": {
    "@alto-fw/app": {
      "version": "https://gitpkg.now.sh/poptlt/alto-fw/server/app?master",
      "integrity": "sha512-tO7dtWKW9K6Y6rPKtR5k651gtTobCYrGWb8SB96UjFTSorgyNaPV8hTuYjOq6ZVgENQFkGFZeK7cIJUmLv+Cug=="
    },
    "@alto-fw/http_server": {
      "version": "https://gitpkg.now.sh/poptlt/alto-fw/server/http_server?master",
      "integrity": "sha512-dv3yrWQrQP7KnPAkz/gv3A7Ttp4zzQ4tkmJmCCk28F5u1ZgCz2DrwzHdjTIy/H1dpVr6lbmWr1S3//PZZdQgPw==",
      "requires": {
        "uuid": "^9.0.0"
      }
    },
    "@alto-fw/yc-func": {
      "version": "https://gitpkg.now.sh/poptlt/alto-fw/server/yc_func?master",
      "integrity": "sha512-piz3LQLKwYuxJwBgCImYGtLzjke9PgFlgI7Ej1OUWqrPjLcyk+vGES0DIYyprZiQGAu0EGNjloI0Gz6062eu6A=="
    },
    "adm-zip": {
      "version": "0.5.10",
      "resolved": "https://registry.npmjs.org/adm-zip/-/adm-zip-0.5.10.tgz",
      "integrity": "sha512-x0HvcHqVJNTPk/Bw8JbLWlWoo6Wwnsug0fnYYro1HBrjxZ3G7/AZk7Ahv8JwDe1uIcz8eBqvu86FuF1POiG7vQ=="
    },
    "uuid": {
      "version": "9.0.1",
      "resolved": "https://registry.npmjs.org/uuid/-/uuid-9.0.1.tgz",
      "integrity": "sha512-b+1eJOlsR9K8HJpow9Ok3fiWOWSIcIzXodvv0rQjVoOVNpWMpxf1wZNpt4y9h10odCNrqnYp1OBzRktckBe3sA=="
    }
  }
}
