{
  "name": "1_server",
  "version": "1.0.0",
  "lockfileVersion": 2,
  "requires": true,
  "packages": {
    "": {
      "name": "1_server",
      "version": "1.0.0",
      "license": "ISC",
      "dependencies": {
        "@alto-fw/app": "https://gitpkg.now.sh/poptlt/alto-fw/server/app?master",
        "@alto-fw/http_server": "https://gitpkg.now.sh/poptlt/alto-fw/server/http_server?master",
        "@alto-fw/yc-func": "https://gitpkg.now.sh/poptlt/alto-fw/server/yc_func?master",
        "adm-zip": "^0.5.10"
      }
    },
    "node_modules/@alto-fw/app": {
      "version": "1.0.0",
      "resolved": "https://gitpkg.now.sh/poptlt/alto-fw/server/app?master",
      "integrity": "sha512-F6lDpKzh5KhjnzrWfPqZXF4DuIKJwU+n+bd79IrjlrXJUDO8An/Hc89JgA6thwHF3CYdsVrHEbQ1Ubt1p1tEqg==",
      "license": "ISC"
    },
    "node_modules/@alto-fw/http_server": {
      "version": "1.0.0",
      "resolved": "https://gitpkg.now.sh/poptlt/alto-fw/server/http_server?master",
      "integrity": "sha512-la/srsKan/Dxz71fQ6kdswZ3JeEbgzsVeP/StXivUqsrGAJsXvz5Vm21yjEbpkiuoAPubcs5KvDiZsLOlmvyaA==",
      "license": "ISC",
      "dependencies": {
        "uuid": "^9.0.0"
      }
    },
    "node_modules/@alto-fw/yc-func": {
      "version": "1.0.0",
      "resolved": "https://gitpkg.now.sh/poptlt/alto-fw/server/yc_func?master",
      "integrity": "sha512-aKWlvq/Q1JrC/D37WkREiKs2/1Afu4fKktaQFKoy1G836ZQ4qonJjowbhhObAe1djMjlxH3Fc66/OZFqzF63lQ==",
      "license": "ISC"
    },
    "node_modules/adm-zip": {
      "version": "0.5.10",
      "resolved": "https://registry.npmjs.org/adm-zip/-/adm-zip-0.5.10.tgz",
      "integrity": "sha512-x0HvcHqVJNTPk/Bw8JbLWlWoo6Wwnsug0fnYYro1HBrjxZ3G7/AZk7Ahv8JwDe1uIcz8eBqvu86FuF1POiG7vQ==",
      "engines": {
        "node": ">=6.0"
      }
    },
    "node_modules/uuid": {
      "version": "9.0.1",
      "resolved": "https://registry.npmjs.org/uuid/-/uuid-9.0.1.tgz",
      "integrity": "sha512-b+1eJOlsR9K8HJpow9Ok3fiWOWSIcIzXodvv0rQjVoOVNpWMpxf1wZNpt4y9h10odCNrqnYp1OBzRktckBe3sA==",
      "funding": [
        "https://github.com/sponsors/broofa",
        "https://github.com/sponsors/ctavan"
      ],
      "bin": {
        "uuid": "dist/bin/uuid"
      }
    }
  },
  "dependencies": {
    "@alto-fw/app": {
      "version": "https://gitpkg.now.sh/poptlt/alto-fw/server/app?master",
      "integrity": "sha512-F6lDpKzh5KhjnzrWfPqZXF4DuIKJwU+n+bd79IrjlrXJUDO8An/Hc89JgA6thwHF3CYdsVrHEbQ1Ubt1p1tEqg=="
    },
    "@alto-fw/http_server": {
      "version": "https://gitpkg.now.sh/poptlt/alto-fw/server/http_server?master",
      "integrity": "sha512-la/srsKan/Dxz71fQ6kdswZ3JeEbgzsVeP/StXivUqsrGAJsXvz5Vm21yjEbpkiuoAPubcs5KvDiZsLOlmvyaA==",
      "requires": {
        "uuid": "^9.0.0"
      }
    },
    "@alto-fw/yc-func": {
      "version": "https://gitpkg.now.sh/poptlt/alto-fw/server/yc_func?master",
      "integrity": "sha512-aKWlvq/Q1JrC/D37WkREiKs2/1Afu4fKktaQFKoy1G836ZQ4qonJjowbhhObAe1djMjlxH3Fc66/OZFqzF63lQ=="
    },
    "adm-zip": {
      "version": "0.5.10",
      "resolved": "https://registry.npmjs.org/adm-zip/-/adm-zip-0.5.10.tgz",
      "integrity": "sha512-x0HvcHqVJNTPk/Bw8JbLWlWoo6Wwnsug0fnYYro1HBrjxZ3G7/AZk7Ahv8JwDe1uIcz8eBqvu86FuF1POiG7vQ=="
    },
    "uuid": {
      "version": "9.0.1",
      "resolved": "https://registry.npmjs.org/uuid/-/uuid-9.0.1.tgz",
      "integrity": "sha512-b+1eJOlsR9K8HJpow9Ok3fiWOWSIcIzXodvv0rQjVoOVNpWMpxf1wZNpt4y9h10odCNrqnYp1OBzRktckBe3sA=="
    }
  }
}
