{
  "name": "1_server",
  "version": "1.0.0",
  "lockfileVersion": 2,
  "requires": true,
  "packages": {
    "": {
      "name": "1_server",
      "version": "1.0.0",
      "license": "ISC",
      "dependencies": {
        "@alto-fw/app": "https://gitpkg.now.sh/poptlt/alto-fw/server/app?master",
        "@alto-fw/http_server": "https://gitpkg.now.sh/poptlt/alto-fw/server/http_server?master",
        "@alto-fw/yc-func": "https://gitpkg.now.sh/poptlt/alto-fw/server/yc_func?master",
        "adm-zip": "^0.5.10"
      }
    },
    "node_modules/@alto-fw/app": {
      "version": "1.0.0",
      "resolved": "https://gitpkg.now.sh/poptlt/alto-fw/server/app?master",
      "integrity": "sha512-UlBhONh6K4Ty6d+cBIbXAnw3Ymu6N76IkXwYNuh5qrb7L3zBkPnRgvlxir0dalAsCSvIjmvBHZJK+F120BceaQ==",
      "license": "ISC"
    },
    "node_modules/@alto-fw/http_server": {
      "version": "1.0.0",
      "resolved": "https://gitpkg.now.sh/poptlt/alto-fw/server/http_server?master",
      "integrity": "sha512-LwWHqGwz82KSgzNp88yIzb5QcC1h2PTiqT74xR1nXNqvWZF6MgSJYi01mn5VDufm/eZ/sEFFHyB5wxNs5Hdp0g==",
      "license": "ISC",
      "dependencies": {
        "uuid": "^9.0.0"
      }
    },
    "node_modules/@alto-fw/yc-func": {
      "version": "1.0.0",
      "resolved": "https://gitpkg.now.sh/poptlt/alto-fw/server/yc_func?master",
      "integrity": "sha512-1bxXNG5HJfRvTxXOSJ3Fy5DQoZpPT+NnI5JY9OXSnv1eW2nE/2LAydoLxuBVf2bK/nlWnCA7emUYl3tuDaNyhg==",
      "license": "ISC"
    },
    "node_modules/adm-zip": {
      "version": "0.5.10",
      "resolved": "https://registry.npmjs.org/adm-zip/-/adm-zip-0.5.10.tgz",
      "integrity": "sha512-x0HvcHqVJNTPk/Bw8JbLWlWoo6Wwnsug0fnYYro1HBrjxZ3G7/AZk7Ahv8JwDe1uIcz8eBqvu86FuF1POiG7vQ==",
      "engines": {
        "node": ">=6.0"
      }
    },
    "node_modules/uuid": {
      "version": "9.0.1",
      "resolved": "https://registry.npmjs.org/uuid/-/uuid-9.0.1.tgz",
      "integrity": "sha512-b+1eJOlsR9K8HJpow9Ok3fiWOWSIcIzXodvv0rQjVoOVNpWMpxf1wZNpt4y9h10odCNrqnYp1OBzRktckBe3sA==",
      "funding": [
        "https://github.com/sponsors/broofa",
        "https://github.com/sponsors/ctavan"
      ],
      "bin": {
        "uuid": "dist/bin/uuid"
      }
    }
  },
  "dependencies": {
    "@alto-fw/app": {
      "version": "https://gitpkg.now.sh/poptlt/alto-fw/server/app?master",
      "integrity": "sha512-UlBhONh6K4Ty6d+cBIbXAnw3Ymu6N76IkXwYNuh5qrb7L3zBkPnRgvlxir0dalAsCSvIjmvBHZJK+F120BceaQ=="
    },
    "@alto-fw/http_server": {
      "version": "https://gitpkg.now.sh/poptlt/alto-fw/server/http_server?master",
      "integrity": "sha512-LwWHqGwz82KSgzNp88yIzb5QcC1h2PTiqT74xR1nXNqvWZF6MgSJYi01mn5VDufm/eZ/sEFFHyB5wxNs5Hdp0g==",
      "requires": {
        "uuid": "^9.0.0"
      }
    },
    "@alto-fw/yc-func": {
      "version": "https://gitpkg.now.sh/poptlt/alto-fw/server/yc_func?master",
      "integrity": "sha512-1bxXNG5HJfRvTxXOSJ3Fy5DQoZpPT+NnI5JY9OXSnv1eW2nE/2LAydoLxuBVf2bK/nlWnCA7emUYl3tuDaNyhg=="
    },
    "adm-zip": {
      "version": "0.5.10",
      "resolved": "https://registry.npmjs.org/adm-zip/-/adm-zip-0.5.10.tgz",
      "integrity": "sha512-x0HvcHqVJNTPk/Bw8JbLWlWoo6Wwnsug0fnYYro1HBrjxZ3G7/AZk7Ahv8JwDe1uIcz8eBqvu86FuF1POiG7vQ=="
    },
    "uuid": {
      "version": "9.0.1",
      "resolved": "https://registry.npmjs.org/uuid/-/uuid-9.0.1.tgz",
      "integrity": "sha512-b+1eJOlsR9K8HJpow9Ok3fiWOWSIcIzXodvv0rQjVoOVNpWMpxf1wZNpt4y9h10odCNrqnYp1OBzRktckBe3sA=="
    }
  }
}
